// !$*UTF8*$!
{
	archiveVersion = 1;
	classes = {
	};
	objectVersion = 55;
	objects = {

/* Begin PBXBuildFile section */
		F4BDEABF27EC17070005AE5C /* assignment1App.swift in Sources */ = {isa = PBXBuildFile; fileRef = F4BDEABE27EC17070005AE5C /* assignment1App.swift */; };
		F4BDEAC127EC17070005AE5C /* ContentView.swift in Sources */ = {isa = PBXBuildFile; fileRef = F4BDEAC027EC17070005AE5C /* ContentView.swift */; };
		F4BDEAC327EC17080005AE5C /* Assets.xcassets in Resources */ = {isa = PBXBuildFile; fileRef = F4BDEAC227EC17080005AE5C /* Assets.xcassets */; };
		F4BDEAC627EC17080005AE5C /* Preview Assets.xcassets in Resources */ = {isa = PBXBuildFile; fileRef = F4BDEAC527EC17080005AE5C /* Preview Assets.xcassets */; };
		F4BDEAD027EC17080005AE5C /* assignment1Tests.swift in Sources */ = {isa = PBXBuildFile; fileRef = F4BDEACF27EC17080005AE5C /* assignment1Tests.swift */; };
		F4BDEADA27EC17080005AE5C /* assignment1UITests.swift in Sources */ = {isa = PBXBuildFile; fileRef = F4BDEAD927EC17080005AE5C /* assignment1UITests.swift */; };
		F4BDEADC27EC17080005AE5C /* assignment1UITestsLaunchTests.swift in Sources */ = {isa = PBXBuildFile; fileRef = F4BDEADB27EC17080005AE5C /* assignment1UITestsLaunchTests.swift */; };
		F4BDEAF227EC3FD60005AE5C /* ViewA.swift in Sources */ = {isa = PBXBuildFile; fileRef = F4BDEAF127EC3FD60005AE5C /* ViewA.swift */; };
		F4BDEAF427EC3FE00005AE5C /* ViewB.swift in Sources */ = {isa = PBXBuildFile; fileRef = F4BDEAF327EC3FE00005AE5C /* ViewB.swift */; };
		F4BDEAF627EC44130005AE5C /* ViewC.swift in Sources */ = {isa = PBXBuildFile; fileRef = F4BDEAF527EC44130005AE5C /* ViewC.swift */; };
		F4BDEAF827EC44190005AE5C /* ViewD.swift in Sources */ = {isa = PBXBuildFile; fileRef = F4BDEAF727EC44190005AE5C /* ViewD.swift */; };
		F4BDEAFA27EC4B720005AE5C /* ViewFriends.swift in Sources */ = {isa = PBXBuildFile; fileRef = F4BDEAF927EC4B720005AE5C /* ViewFriends.swift */; };
/* End PBXBuildFile section */

/* Begin PBXContainerItemProxy section */
		F4BDEACC27EC17080005AE5C /* PBXContainerItemProxy */ = {
			isa = PBXContainerItemProxy;
			containerPortal = F4BDEAB327EC17070005AE5C /* Project object */;
			proxyType = 1;
			remoteGlobalIDString = F4BDEABA27EC17070005AE5C;
			remoteInfo = assignment1;
		};
		F4BDEAD627EC17080005AE5C /* PBXContainerItemProxy */ = {
			isa = PBXContainerItemProxy;
			containerPortal = F4BDEAB327EC17070005AE5C /* Project object */;
			proxyType = 1;
			remoteGlobalIDString = F4BDEABA27EC17070005AE5C;
			remoteInfo = assignment1;
		};
/* End PBXContainerItemProxy section */

/* Begin PBXFileReference section */
		F4BDEABB27EC17070005AE5C /* assignment1.app */ = {isa = PBXFileReference; explicitFileType = wrapper.application; includeInIndex = 0; path = assignment1.app; sourceTree = BUILT_PRODUCTS_DIR; };
		F4BDEABE27EC17070005AE5C /* assignment1App.swift */ = {isa = PBXFileReference; lastKnownFileType = sourcecode.swift; path = assignment1App.swift; sourceTree = "<group>"; };
		F4BDEAC027EC17070005AE5C /* ContentView.swift */ = {isa = PBXFileReference; lastKnownFileType = sourcecode.swift; path = ContentView.swift; sourceTree = "<group>"; };
		F4BDEAC227EC17080005AE5C /* Assets.xcassets */ = {isa = PBXFileReference; lastKnownFileType = folder.assetcatalog; path = Assets.xcassets; sourceTree = "<group>"; };
		F4BDEAC527EC17080005AE5C /* Preview Assets.xcassets */ = {isa = PBXFileReference; lastKnownFileType = folder.assetcatalog; path = "Preview Assets.xcassets"; sourceTree = "<group>"; };
		F4BDEACB27EC17080005AE5C /* assignment1Tests.xctest */ = {isa = PBXFileReference; explicitFileType = wrapper.cfbundle; includeInIndex = 0; path = assignment1Tests.xctest; sourceTree = BUILT_PRODUCTS_DIR; };
		F4BDEACF27EC17080005AE5C /* assignment1Tests.swift */ = {isa = PBXFileReference; lastKnownFileType = sourcecode.swift; path = assignment1Tests.swift; sourceTree = "<group>"; };
		F4BDEAD527EC17080005AE5C /* assignment1UITests.xctest */ = {isa = PBXFileReference; explicitFileType = wrapper.cfbundle; includeInIndex = 0; path = assignment1UITests.xctest; sourceTree = BUILT_PRODUCTS_DIR; };
		F4BDEAD927EC17080005AE5C /* assignment1UITests.swift */ = {isa = PBXFileReference; lastKnownFileType = sourcecode.swift; path = assignment1UITests.swift; sourceTree = "<group>"; };
		F4BDEADB27EC17080005AE5C /* assignment1UITestsLaunchTests.swift */ = {isa = PBXFileReference; lastKnownFileType = sourcecode.swift; path = assignment1UITestsLaunchTests.swift; sourceTree = "<group>"; };
		F4BDEAF127EC3FD60005AE5C /* ViewA.swift */ = {isa = PBXFileReference; lastKnownFileType = sourcecode.swift; path = ViewA.swift; sourceTree = "<group>"; };
		F4BDEAF327EC3FE00005AE5C /* ViewB.swift */ = {isa = PBXFileReference; lastKnownFileType = sourcecode.swift; path = ViewB.swift; sourceTree = "<group>"; };
		F4BDEAF527EC44130005AE5C /* ViewC.swift */ = {isa = PBXFileReference; lastKnownFileType = sourcecode.swift; path = ViewC.swift; sourceTree = "<group>"; };
		F4BDEAF727EC44190005AE5C /* ViewD.swift */ = {isa = PBXFileReference; lastKnownFileType = sourcecode.swift; path = ViewD.swift; sourceTree = "<group>"; };
		F4BDEAF927EC4B720005AE5C /* ViewFriends.swift */ = {isa = PBXFileReference; lastKnownFileType = sourcecode.swift; path = ViewFriends.swift; sourceTree = "<group>"; };
/* End PBXFileReference section */

/* Begin PBXFrameworksBuildPhase section */
		F4BDEAB827EC17070005AE5C /* Frameworks */ = {
			isa = PBXFrameworksBuildPhase;
			buildActionMask = 2147483647;
			files = (
			);
			runOnlyForDeploymentPostprocessing = 0;
		};
		F4BDEAC827EC17080005AE5C /* Frameworks */ = {
			isa = PBXFrameworksBuildPhase;
			buildActionMask = 2147483647;
			files = (
			);
			runOnlyForDeploymentPostprocessing = 0;
		};
		F4BDEAD227EC17080005AE5C /* Frameworks */ = {
			isa = PBXFrameworksBuildPhase;
			buildActionMask = 2147483647;
			files = (
			);
			runOnlyForDeploymentPostprocessing = 0;
		};
/* End PBXFrameworksBuildPhase section */

/* Begin PBXGroup section */
		F4BDEAB227EC17070005AE5C = {
			isa = PBXGroup;
			children = (
				F4BDEABD27EC17070005AE5C /* assignment1 */,
				F4BDEACE27EC17080005AE5C /* assignment1Tests */,
				F4BDEAD827EC17080005AE5C /* assignment1UITests */,
				F4BDEABC27EC17070005AE5C /* Products */,
			);
			sourceTree = "<group>";
		};
		F4BDEABC27EC17070005AE5C /* Products */ = {
			isa = PBXGroup;
			children = (
				F4BDEABB27EC17070005AE5C /* assignment1.app */,
				F4BDEACB27EC17080005AE5C /* assignment1Tests.xctest */,
				F4BDEAD527EC17080005AE5C /* assignment1UITests.xctest */,
			);
			name = Products;
			sourceTree = "<group>";
		};
		F4BDEABD27EC17070005AE5C /* assignment1 */ = {
			isa = PBXGroup;
			children = (
				F4BDEAE827EC3F4F0005AE5C /* Views */,
				F4BDEABE27EC17070005AE5C /* assignment1App.swift */,
				F4BDEAC027EC17070005AE5C /* ContentView.swift */,
				F4BDEAC227EC17080005AE5C /* Assets.xcassets */,
				F4BDEAC427EC17080005AE5C /* Preview Content */,
			);
			path = assignment1;
			sourceTree = "<group>";
		};
		F4BDEAC427EC17080005AE5C /* Preview Content */ = {
			isa = PBXGroup;
			children = (
				F4BDEAC527EC17080005AE5C /* Preview Assets.xcassets */,
			);
			path = "Preview Content";
			sourceTree = "<group>";
		};
		F4BDEACE27EC17080005AE5C /* assignment1Tests */ = {
			isa = PBXGroup;
			children = (
				F4BDEACF27EC17080005AE5C /* assignment1Tests.swift */,
			);
			path = assignment1Tests;
			sourceTree = "<group>";
		};
		F4BDEAD827EC17080005AE5C /* assignment1UITests */ = {
			isa = PBXGroup;
			children = (
				F4BDEAD927EC17080005AE5C /* assignment1UITests.swift */,
				F4BDEADB27EC17080005AE5C /* assignment1UITestsLaunchTests.swift */,
			);
			path = assignment1UITests;
			sourceTree = "<group>";
		};
		F4BDEAE827EC3F4F0005AE5C /* Views */ = {
			isa = PBXGroup;
			children = (
				F4BDEAF127EC3FD60005AE5C /* ViewA.swift */,
				F4BDEAF327EC3FE00005AE5C /* ViewB.swift */,
				F4BDEAF527EC44130005AE5C /* ViewC.swift */,
				F4BDEAF727EC44190005AE5C /* ViewD.swift */,
				F4BDEAF927EC4B720005AE5C /* ViewFriends.swift */,
			);
			path = Views;
			sourceTree = "<group>";
		};
/* End PBXGroup section */

/* Begin PBXNativeTarget section */
		F4BDEABA27EC17070005AE5C /* assignment1 */ = {
			isa = PBXNativeTarget;
			buildConfigurationList = F4BDEADF27EC17080005AE5C /* Build configuration list for PBXNativeTarget "assignment1" */;
			buildPhases = (
				F4BDEAB727EC17070005AE5C /* Sources */,
				F4BDEAB827EC17070005AE5C /* Frameworks */,
				F4BDEAB927EC17070005AE5C /* Resources */,
			);
			buildRules = (
			);
			dependencies = (
			);
			name = assignment1;
			productName = assignment1;
			productReference = F4BDEABB27EC17070005AE5C /* assignment1.app */;
			productType = "com.apple.product-type.application";
		};
		F4BDEACA27EC17080005AE5C /* assignment1Tests */ = {
			isa = PBXNativeTarget;
			buildConfigurationList = F4BDEAE227EC17080005AE5C /* Build configuration list for PBXNativeTarget "assignment1Tests" */;
			buildPhases = (
				F4BDEAC727EC17080005AE5C /* Sources */,
				F4BDEAC827EC17080005AE5C /* Frameworks */,
				F4BDEAC927EC17080005AE5C /* Resources */,
			);
			buildRules = (
			);
			dependencies = (
				F4BDEACD27EC17080005AE5C /* PBXTargetDependency */,
			);
			name = assignment1Tests;
			productName = assignment1Tests;
			productReference = F4BDEACB27EC17080005AE5C /* assignment1Tests.xctest */;
			productType = "com.apple.product-type.bundle.unit-test";
		};
		F4BDEAD427EC17080005AE5C /* assignment1UITests */ = {
			isa = PBXNativeTarget;
			buildConfigurationList = F4BDEAE527EC17080005AE5C /* Build configuration list for PBXNativeTarget "assignment1UITests" */;
			buildPhases = (
				F4BDEAD127EC17080005AE5C /* Sources */,
				F4BDEAD227EC17080005AE5C /* Frameworks */,
				F4BDEAD327EC17080005AE5C /* Resources */,
			);
			buildRules = (
			);
			dependencies = (
				F4BDEAD727EC17080005AE5C /* PBXTargetDependency */,
			);
			name = assignment1UITests;
			productName = assignment1UITests;
			productReference = F4BDEAD527EC17080005AE5C /* assignment1UITests.xctest */;
			productType = "com.apple.product-type.bundle.ui-testing";
		};
/* End PBXNativeTarget section */

/* Begin PBXProject section */
		F4BDEAB327EC17070005AE5C /* Project object */ = {
			isa = PBXProject;
			attributes = {
				BuildIndependentTargetsInParallel = 1;
				LastSwiftUpdateCheck = 1330;
				LastUpgradeCheck = 1330;
				TargetAttributes = {
					F4BDEABA27EC17070005AE5C = {
						CreatedOnToolsVersion = 13.3;
					};
					F4BDEACA27EC17080005AE5C = {
						CreatedOnToolsVersion = 13.3;
						TestTargetID = F4BDEABA27EC17070005AE5C;
					};
					F4BDEAD427EC17080005AE5C = {
						CreatedOnToolsVersion = 13.3;
						TestTargetID = F4BDEABA27EC17070005AE5C;
					};
				};
			};
			buildConfigurationList = F4BDEAB627EC17070005AE5C /* Build configuration list for PBXProject "assignment1" */;
			compatibilityVersion = "Xcode 13.0";
			developmentRegion = en;
			hasScannedForEncodings = 0;
			knownRegions = (
				en,
				Base,
			);
			mainGroup = F4BDEAB227EC17070005AE5C;
			productRefGroup = F4BDEABC27EC17070005AE5C /* Products */;
			projectDirPath = "";
			projectRoot = "";
			targets = (
				F4BDEABA27EC17070005AE5C /* assignment1 */,
				F4BDEACA27EC17080005AE5C /* assignment1Tests */,
				F4BDEAD427EC17080005AE5C /* assignment1UITests */,
			);
		};
/* End PBXProject section */

/* Begin PBXResourcesBuildPhase section */
		F4BDEAB927EC17070005AE5C /* Resources */ = {
			isa = PBXResourcesBuildPhase;
			buildActionMask = 2147483647;
			files = (
				F4BDEAC627EC17080005AE5C /* Preview Assets.xcassets in Resources */,
				F4BDEAC327EC17080005AE5C /* Assets.xcassets in Resources */,
			);
			runOnlyForDeploymentPostprocessing = 0;
		};
		F4BDEAC927EC17080005AE5C /* Resources */ = {
			isa = PBXResourcesBuildPhase;
			buildActionMask = 2147483647;
			files = (
			);
			runOnlyForDeploymentPostprocessing = 0;
		};
		F4BDEAD327EC17080005AE5C /* Resources */ = {
			isa = PBXResourcesBuildPhase;
			buildActionMask = 2147483647;
			files = (
			);
			runOnlyForDeploymentPostprocessing = 0;
		};
/* End PBXResourcesBuildPhase section */

/* Begin PBXSourcesBuildPhase section */
		F4BDEAB727EC17070005AE5C /* Sources */ = {
			isa = PBXSourcesBuildPhase;
			buildActionMask = 2147483647;
			files = (
				F4BDEAC127EC17070005AE5C /* ContentView.swift in Sources */,
				F4BDEAF827EC44190005AE5C /* ViewD.swift in Sources */,
				F4BDEAF227EC3FD60005AE5C /* ViewA.swift in Sources */,
				F4BDEAF627EC44130005AE5C /* ViewC.swift in Sources */,
				F4BDEAFA27EC4B720005AE5C /* ViewFriends.swift in Sources */,
				F4BDEABF27EC17070005AE5C /* assignment1App.swift in Sources */,
				F4BDEAF427EC3FE00005AE5C /* ViewB.swift in Sources */,
			);
			runOnlyForDeploymentPostprocessing = 0;
		};
		F4BDEAC727EC17080005AE5C /* Sources */ = {
			isa = PBXSourcesBuildPhase;
			buildActionMask = 2147483647;
			files = (
				F4BDEAD027EC17080005AE5C /* assignment1Tests.swift in Sources */,
			);
			runOnlyForDeploymentPostprocessing = 0;
		};
		F4BDEAD127EC17080005AE5C /* Sources */ = {
			isa = PBXSourcesBuildPhase;
			buildActionMask = 2147483647;
			files = (
				F4BDEADA27EC17080005AE5C /* assignment1UITests.swift in Sources */,
				F4BDEADC27EC17080005AE5C /* assignment1UITestsLaunchTests.swift in Sources */,
			);
			runOnlyForDeploymentPostprocessing = 0;
		};
/* End PBXSourcesBuildPhase section */

/* Begin PBXTargetDependency section */
		F4BDEACD27EC17080005AE5C /* PBXTargetDependency */ = {
			isa = PBXTargetDependency;
			target = F4BDEABA27EC17070005AE5C /* assignment1 */;
			targetProxy = F4BDEACC27EC17080005AE5C /* PBXContainerItemProxy */;
		};
		F4BDEAD727EC17080005AE5C /* PBXTargetDependency */ = {
			isa = PBXTargetDependency;
			target = F4BDEABA27EC17070005AE5C /* assignment1 */;
			targetProxy = F4BDEAD627EC17080005AE5C /* PBXContainerItemProxy */;
		};
/* End PBXTargetDependency section */

/* Begin XCBuildConfiguration section */
		F4BDEADD27EC17080005AE5C /* Debug */ = {
			isa = XCBuildConfiguration;
			buildSettings = {
				ALWAYS_SEARCH_USER_PATHS = NO;
				CLANG_ANALYZER_NONNULL = YES;
				CLANG_ANALYZER_NUMBER_OBJECT_CONVERSION = YES_AGGRESSIVE;
				CLANG_CXX_LANGUAGE_STANDARD = "gnu++17";
				CLANG_ENABLE_MODULES = YES;
				CLANG_ENABLE_OBJC_ARC = YES;
				CLANG_ENABLE_OBJC_WEAK = YES;
				CLANG_WARN_BLOCK_CAPTURE_AUTORELEASING = YES;
				CLANG_WARN_BOOL_CONVERSION = YES;
				CLANG_WARN_COMMA = YES;
				CLANG_WARN_CONSTANT_CONVERSION = YES;
				CLANG_WARN_DEPRECATED_OBJC_IMPLEMENTATIONS = YES;
				CLANG_WARN_DIRECT_OBJC_ISA_USAGE = YES_ERROR;
				CLANG_WARN_DOCUMENTATION_COMMENTS = YES;
				CLANG_WARN_EMPTY_BODY = YES;
				CLANG_WARN_ENUM_CONVERSION = YES;
				CLANG_WARN_INFINITE_RECURSION = YES;
				CLANG_WARN_INT_CONVERSION = YES;
				CLANG_WARN_NON_LITERAL_NULL_CONVERSION = YES;
				CLANG_WARN_OBJC_IMPLICIT_RETAIN_SELF = YES;
				CLANG_WARN_OBJC_LITERAL_CONVERSION = YES;
				CLANG_WARN_OBJC_ROOT_CLASS = YES_ERROR;
				CLANG_WARN_QUOTED_INCLUDE_IN_FRAMEWORK_HEADER = YES;
				CLANG_WARN_RANGE_LOOP_ANALYSIS = YES;
				CLANG_WARN_STRICT_PROTOTYPES = YES;
				CLANG_WARN_SUSPICIOUS_MOVE = YES;
				CLANG_WARN_UNGUARDED_AVAILABILITY = YES_AGGRESSIVE;
				CLANG_WARN_UNREACHABLE_CODE = YES;
				CLANG_WARN__DUPLICATE_METHOD_MATCH = YES;
				COPY_PHASE_STRIP = NO;
				DEBUG_INFORMATION_FORMAT = dwarf;
				ENABLE_STRICT_OBJC_MSGSEND = YES;
				ENABLE_TESTABILITY = YES;
				GCC_C_LANGUAGE_STANDARD = gnu11;
				GCC_DYNAMIC_NO_PIC = NO;
				GCC_NO_COMMON_BLOCKS = YES;
				GCC_OPTIMIZATION_LEVEL = 0;
				GCC_PREPROCESSOR_DEFINITIONS = (
					"DEBUG=1",
					"$(inherited)",
				);
				GCC_WARN_64_TO_32_BIT_CONVERSION = YES;
				GCC_WARN_ABOUT_RETURN_TYPE = YES_ERROR;
				GCC_WARN_UNDECLARED_SELECTOR = YES;
				GCC_WARN_UNINITIALIZED_AUTOS = YES_AGGRESSIVE;
				GCC_WARN_UNUSED_FUNCTION = YES;
				GCC_WARN_UNUSED_VARIABLE = YES;
				IPHONEOS_DEPLOYMENT_TARGET = 15.4;
				MTL_ENABLE_DEBUG_INFO = INCLUDE_SOURCE;
				MTL_FAST_MATH = YES;
				ONLY_ACTIVE_ARCH = YES;
				SDKROOT = iphoneos;
				SWIFT_ACTIVE_COMPILATION_CONDITIONS = DEBUG;
				SWIFT_OPTIMIZATION_LEVEL = "-Onone";
			};
			name = Debug;
		};
		F4BDEADE27EC17080005AE5C /* Release */ = {
			isa = XCBuildConfiguration;
			buildSettings = {
				ALWAYS_SEARCH_USER_PATHS = NO;
				CLANG_ANALYZER_NONNULL = YES;
				CLANG_ANALYZER_NUMBER_OBJECT_CONVERSION = YES_AGGRESSIVE;
				CLANG_CXX_LANGUAGE_STANDARD = "gnu++17";
				CLANG_ENABLE_MODULES = YES;
				CLANG_ENABLE_OBJC_ARC = YES;
				CLANG_ENABLE_OBJC_WEAK = YES;
				CLANG_WARN_BLOCK_CAPTURE_AUTORELEASING = YES;
				CLANG_WARN_BOOL_CONVERSION = YES;
				CLANG_WARN_COMMA = YES;
				CLANG_WARN_CONSTANT_CONVERSION = YES;
				CLANG_WARN_DEPRECATED_OBJC_IMPLEMENTATIONS = YES;
				CLANG_WARN_DIRECT_OBJC_ISA_USAGE = YES_ERROR;
				CLANG_WARN_DOCUMENTATION_COMMENTS = YES;
				CLANG_WARN_EMPTY_BODY = YES;
				CLANG_WARN_ENUM_CONVERSION = YES;
				CLANG_WARN_INFINITE_RECURSION = YES;
				CLANG_WARN_INT_CONVERSION = YES;
				CLANG_WARN_NON_LITERAL_NULL_CONVERSION = YES;
				CLANG_WARN_OBJC_IMPLICIT_RETAIN_SELF = YES;
				CLANG_WARN_OBJC_LITERAL_CONVERSION = YES;
				CLANG_WARN_OBJC_ROOT_CLASS = YES_ERROR;
				CLANG_WARN_QUOTED_INCLUDE_IN_FRAMEWORK_HEADER = YES;
				CLANG_WARN_RANGE_LOOP_ANALYSIS = YES;
				CLANG_WARN_STRICT_PROTOTYPES = YES;
				CLANG_WARN_SUSPICIOUS_MOVE = YES;
				CLANG_WARN_UNGUARDED_AVAILABILITY = YES_AGGRESSIVE;
				CLANG_WARN_UNREACHABLE_CODE = YES;
				CLANG_WARN__DUPLICATE_METHOD_MATCH = YES;
				COPY_PHASE_STRIP = NO;
				DEBUG_INFORMATION_FORMAT = "dwarf-with-dsym";
				ENABLE_NS_ASSERTIONS = NO;
				ENABLE_STRICT_OBJC_MSGSEND = YES;
				GCC_C_LANGUAGE_STANDARD = gnu11;
				GCC_NO_COMMON_BLOCKS = YES;
				GCC_WARN_64_TO_32_BIT_CONVERSION = YES;
				GCC_WARN_ABOUT_RETURN_TYPE = YES_ERROR;
				GCC_WARN_UNDECLARED_SELECTOR = YES;
				GCC_WARN_UNINITIALIZED_AUTOS = YES_AGGRESSIVE;
				GCC_WARN_UNUSED_FUNCTION = YES;
				GCC_WARN_UNUSED_VARIABLE = YES;
				IPHONEOS_DEPLOYMENT_TARGET = 15.4;
				MTL_ENABLE_DEBUG_INFO = NO;
				MTL_FAST_MATH = YES;
				SDKROOT = iphoneos;
				SWIFT_COMPILATION_MODE = wholemodule;
				SWIFT_OPTIMIZATION_LEVEL = "-O";
				VALIDATE_PRODUCT = YES;
			};
			name = Release;
		};
		F4BDEAE027EC17080005AE5C /* Debug */ = {
			isa = XCBuildConfiguration;
			buildSettings = {
				ASSETCATALOG_COMPILER_APPICON_NAME = AppIcon;
				ASSETCATALOG_COMPILER_GLOBAL_ACCENT_COLOR_NAME = AccentColor;
				CODE_SIGN_STYLE = Automatic;
				CURRENT_PROJECT_VERSION = 1;
				DEVELOPMENT_ASSET_PATHS = "\"assignment1/Preview Content\"";
				ENABLE_PREVIEWS = YES;
				GENERATE_INFOPLIST_FILE = YES;
				INFOPLIST_KEY_UIApplicationSceneManifest_Generation = YES;
				INFOPLIST_KEY_UIApplicationSupportsIndirectInputEvents = YES;
				INFOPLIST_KEY_UILaunchScreen_Generation = YES;
				INFOPLIST_KEY_UISupportedInterfaceOrientations_iPad = "UIInterfaceOrientationPortrait UIInterfaceOrientationPortraitUpsideDown UIInterfaceOrientationLandscapeLeft UIInterfaceOrientationLandscapeRight";
				INFOPLIST_KEY_UISupportedInterfaceOrientations_iPhone = "UIInterfaceOrientationPortrait UIInterfaceOrientationLandscapeLeft UIInterfaceOrientationLandscapeRight";
				LD_RUNPATH_SEARCH_PATHS = (
					"$(inherited)",
					"@executable_path/Frameworks",
				);
				MARKETING_VERSION = 1.0;
				PRODUCT_BUNDLE_IDENTIFIER = com.example.m42.assignment1;
				PRODUCT_NAME = "$(TARGET_NAME)";
				SWIFT_EMIT_LOC_STRINGS = YES;
				SWIFT_VERSION = 5.0;
				TARGETED_DEVICE_FAMILY = "1,2";
			};
			name = Debug;
		};
		F4BDEAE127EC17080005AE5C /* Release */ = {
			isa = XCBuildConfiguration;
			buildSettings = {
				ASSETCATALOG_COMPILER_APPICON_NAME = AppIcon;
				ASSETCATALOG_COMPILER_GLOBAL_ACCENT_COLOR_NAME = AccentColor;
				CODE_SIGN_STYLE = Automatic;
				CURRENT_PROJECT_VERSION = 1;
				DEVELOPMENT_ASSET_PATHS = "\"assignment1/Preview Content\"";
				ENABLE_PREVIEWS = YES;
				GENERATE_INFOPLIST_FILE = YES;
				INFOPLIST_KEY_UIApplicationSceneManifest_Generation = YES;
				INFOPLIST_KEY_UIApplicationSupportsIndirectInputEvents = YES;
				INFOPLIST_KEY_UILaunchScreen_Generation = YES;
				INFOPLIST_KEY_UISupportedInterfaceOrientations_iPad = "UIInterfaceOrientationPortrait UIInterfaceOrientationPortraitUpsideDown UIInterfaceOrientationLandscapeLeft UIInterfaceOrientationLandscapeRight";
				INFOPLIST_KEY_UISupportedInterfaceOrientations_iPhone = "UIInterfaceOrientationPortrait UIInterfaceOrientationLandscapeLeft UIInterfaceOrientationLandscapeRight";
				LD_RUNPATH_SEARCH_PATHS = (
					"$(inherited)",
					"@executable_path/Frameworks",
				);
				MARKETING_VERSION = 1.0;
				PRODUCT_BUNDLE_IDENTIFIER = com.example.m42.assignment1;
				PRODUCT_NAME = "$(TARGET_NAME)";
				SWIFT_EMIT_LOC_STRINGS = YES;
				SWIFT_VERSION = 5.0;
				TARGETED_DEVICE_FAMILY = "1,2";
			};
			name = Release;
		};
		F4BDEAE327EC17080005AE5C /* Debug */ = {
			isa = XCBuildConfiguration;
			buildSettings = {
				ALWAYS_EMBED_SWIFT_STANDARD_LIBRARIES = YES;
				BUNDLE_LOADER = "$(TEST_HOST)";
				CODE_SIGN_STYLE = Automatic;
				CURRENT_PROJECT_VERSION = 1;
				GENERATE_INFOPLIST_FILE = YES;
				IPHONEOS_DEPLOYMENT_TARGET = 15.4;
				MARKETING_VERSION = 1.0;
				PRODUCT_BUNDLE_IDENTIFIER = com.example.m42.assignment1Tests;
				PRODUCT_NAME = "$(TARGET_NAME)";
				SWIFT_EMIT_LOC_STRINGS = NO;
				SWIFT_VERSION = 5.0;
				TARGETED_DEVICE_FAMILY = "1,2";
				TEST_HOST = "$(BUILT_PRODUCTS_DIR)/assignment1.app/assignment1";
			};
			name = Debug;
		};
		F4BDEAE427EC17080005AE5C /* Release */ = {
			isa = XCBuildConfiguration;
			buildSettings = {
				ALWAYS_EMBED_SWIFT_STANDARD_LIBRARIES = YES;
				BUNDLE_LOADER = "$(TEST_HOST)";
				CODE_SIGN_STYLE = Automatic;
				CURRENT_PROJECT_VERSION = 1;
				GENERATE_INFOPLIST_FILE = YES;
				IPHONEOS_DEPLOYMENT_TARGET = 15.4;
				MARKETING_VERSION = 1.0;
				PRODUCT_BUNDLE_IDENTIFIER = com.example.m42.assignment1Tests;
				PRODUCT_NAME = "$(TARGET_NAME)";
				SWIFT_EMIT_LOC_STRINGS = NO;
				SWIFT_VERSION = 5.0;
				TARGETED_DEVICE_FAMILY = "1,2";
				TEST_HOST = "$(BUILT_PRODUCTS_DIR)/assignment1.app/assignment1";
			};
			name = Release;
		};
		F4BDEAE627EC17080005AE5C /* Debug */ = {
			isa = XCBuildConfiguration;
			buildSettings = {
				ALWAYS_EMBED_SWIFT_STANDARD_LIBRARIES = YES;
				CODE_SIGN_STYLE = Automatic;
				CURRENT_PROJECT_VERSION = 1;
				GENERATE_INFOPLIST_FILE = YES;
				MARKETING_VERSION = 1.0;
				PRODUCT_BUNDLE_IDENTIFIER = com.example.m42.assignment1UITests;
				PRODUCT_NAME = "$(TARGET_NAME)";
				SWIFT_EMIT_LOC_STRINGS = NO;
				SWIFT_VERSION = 5.0;
				TARGETED_DEVICE_FAMILY = "1,2";
				TEST_TARGET_NAME = assignment1;
			};
			name = Debug;
		};
		F4BDEAE727EC17080005AE5C /* Release */ = {
			isa = XCBuildConfiguration;
			buildSettings = {
				ALWAYS_EMBED_SWIFT_STANDARD_LIBRARIES = YES;
				CODE_SIGN_STYLE = Automatic;
				CURRENT_PROJECT_VERSION = 1;
				GENERATE_INFOPLIST_FILE = YES;
				MARKETING_VERSION = 1.0;
				PRODUCT_BUNDLE_IDENTIFIER = com.example.m42.assignment1UITests;
				PRODUCT_NAME = "$(TARGET_NAME)";
				SWIFT_EMIT_LOC_STRINGS = NO;
				SWIFT_VERSION = 5.0;
				TARGETED_DEVICE_FAMILY = "1,2";
				TEST_TARGET_NAME = assignment1;
			};
			name = Release;
		};
/* End XCBuildConfiguration section */

/* Begin XCConfigurationList section */
		F4BDEAB627EC17070005AE5C /* Build configuration list for PBXProject "assignment1" */ = {
			isa = XCConfigurationList;
			buildConfigurations = (
				F4BDEADD27EC17080005AE5C /* Debug */,
				F4BDEADE27EC17080005AE5C /* Release */,
			);
			defaultConfigurationIsVisible = 0;
			defaultConfigurationName = Release;
		};
		F4BDEADF27EC17080005AE5C /* Build configuration list for PBXNativeTarget "assignment1" */ = {
			isa = XCConfigurationList;
			buildConfigurations = (
				F4BDEAE027EC17080005AE5C /* Debug */,
				F4BDEAE127EC17080005AE5C /* Release */,
			);
			defaultConfigurationIsVisible = 0;
			defaultConfigurationName = Release;
		};
		F4BDEAE227EC17080005AE5C /* Build configuration list for PBXNativeTarget "assignment1Tests" */ = {
			isa = XCConfigurationList;
			buildConfigurations = (
				F4BDEAE327EC17080005AE5C /* Debug */,
				F4BDEAE427EC17080005AE5C /* Release */,
			);
			defaultConfigurationIsVisible = 0;
			defaultConfigurationName = Release;
		};
		F4BDEAE527EC17080005AE5C /* Build configuration list for PBXNativeTarget "assignment1UITests" */ = {
			isa = XCConfigurationList;
			buildConfigurations = (
				F4BDEAE627EC17080005AE5C /* Debug */,
				F4BDEAE727EC17080005AE5C /* Release */,
			);
			defaultConfigurationIsVisible = 0;
			defaultConfigurationName = Release;
		};
/* End XCConfigurationList section */
	};
	rootObject = F4BDEAB327EC17070005AE5C /* Project object */;
}
